
Microsoft Visual Studio Solution File, Format Version 12.00
# Visual Studio 2013
VisualStudioVersion = 12.0.21005.1
MinimumVisualStudioVersion = 10.0.40219.1
Project("{159641D6-6404-4A2A-AE62-294DE0FE8301}") = "FakeNamesCanada2", "FakeNamesCanada2\FakeNamesCanada2.dtproj", "{4B9DCD52-90A4-415F-82BE-F248C3409771}"
EndProject
Global
	GlobalSection(SolutionConfigurationPlatforms) = preSolution
		Development|Default = Development|Default
	EndGlobalSection
	GlobalSection(ProjectConfigurationPlatforms) = postSolution
		{4B9DCD52-90A4-415F-82BE-F248C3409771}.Development|Default.ActiveCfg = Development
		{4B9DCD52-90A4-415F-82BE-F248C3409771}.Development|Default.Build.0 = Development
	EndGlobalSection
	GlobalSection(SolutionProperties) = preSolution
		HideSolutionNode = FALSE
	EndGlobalSection
EndGlobal
